
Microsoft Visual Studio Solution File, Format Version 12.00
# Visual Studio Version 16
VisualStudioVersion = 16.0.31025.194
MinimumVisualStudioVersion = 10.0.40219.1
Project("{FAE04EC0-301F-11D3-BF4B-00C04F79EFBC}") = "ExerciseMethodsAbstract", "ExerciseMethodsAbstract\ExerciseMethodsAbstract.csproj", "{2E39DFBE-6F83-46E9-AB2E-8CD1C6EE8954}"
EndProject
Global
	GlobalSection(SolutionConfigurationPlatforms) = preSolution
		Debug|Any CPU = Debug|Any CPU
		Release|Any CPU = Release|Any CPU
	EndGlobalSection
	GlobalSection(ProjectConfigurationPlatforms) = postSolution
		{2E39DFBE-6F83-46E9-AB2E-8CD1C6EE8954}.Debug|Any CPU.ActiveCfg = Debug|Any CPU
		{2E39DFBE-6F83-46E9-AB2E-8CD1C6EE8954}.Debug|Any CPU.Build.0 = Debug|Any CPU
		{2E39DFBE-6F83-46E9-AB2E-8CD1C6EE8954}.Release|Any CPU.ActiveCfg = Release|Any CPU
		{2E39DFBE-6F83-46E9-AB2E-8CD1C6EE8954}.Release|Any CPU.Build.0 = Release|Any CPU
	EndGlobalSection
	GlobalSection(SolutionProperties) = preSolution
		HideSolutionNode = FALSE
	EndGlobalSection
	GlobalSection(ExtensibilityGlobals) = postSolution
		SolutionGuid = {DD6FA545-12DB-466F-94C8-BB418CEFF506}
	EndGlobalSection
EndGlobal
